// !$*UTF8*$!
{
	archiveVersion = 1;
	classes = {
	};
	objectVersion = 50;
	objects = {

/* Begin PBXBuildFile section */
		4478DDA923FEE6B000BE91A4 /* AppDelegate.swift in Sources */ = {isa = PBXBuildFile; fileRef = 4478DDA823FEE6B000BE91A4 /* AppDelegate.swift */; };
		4478DDAB23FEE6B000BE91A4 /* SceneDelegate.swift in Sources */ = {isa = PBXBuildFile; fileRef = 4478DDAA23FEE6B000BE91A4 /* SceneDelegate.swift */; };
		4478DDAD23FEE6B000BE91A4 /* ViewController.swift in Sources */ = {isa = PBXBuildFile; fileRef = 4478DDAC23FEE6B000BE91A4 /* ViewController.swift */; };
		4478DDB023FEE6B000BE91A4 /* Main.storyboard in Resources */ = {isa = PBXBuildFile; fileRef = 4478DDAE23FEE6B000BE91A4 /* Main.storyboard */; };
		4478DDB223FEE6B500BE91A4 /* Assets.xcassets in Resources */ = {isa = PBXBuildFile; fileRef = 4478DDB123FEE6B500BE91A4 /* Assets.xcassets */; };
		4478DDB523FEE6B500BE91A4 /* LaunchScreen.storyboard in Resources */ = {isa = PBXBuildFile; fileRef = 4478DDB323FEE6B500BE91A4 /* LaunchScreen.storyboard */; };
		4478DDBE23FEE90D00BE91A4 /* quotes.json in Resources */ = {isa = PBXBuildFile; fileRef = 4478DDBC23FEE90D00BE91A4 /* quotes.json */; };
		4478DDBF23FEE90D00BE91A4 /* pictures.json in Resources */ = {isa = PBXBuildFile; fileRef = 4478DDBD23FEE90D00BE91A4 /* pictures.json */; };
		4478DDC123FEE97100BE91A4 /* BundleDecoding.swift in Sources */ = {isa = PBXBuildFile; fileRef = 4478DDC023FEE97100BE91A4 /* BundleDecoding.swift */; };
		4478DDC323FEEB2100BE91A4 /* Quote.swift in Sources */ = {isa = PBXBuildFile; fileRef = 4478DDC223FEEB2100BE91A4 /* Quote.swift */; };
/* End PBXBuildFile section */

/* Begin PBXFileReference section */
		4478DDA523FEE6B000BE91A4 /* Peace.app */ = {isa = PBXFileReference; explicitFileType = wrapper.application; includeInIndex = 0; path = Peace.app; sourceTree = BUILT_PRODUCTS_DIR; };
		4478DDA823FEE6B000BE91A4 /* AppDelegate.swift */ = {isa = PBXFileReference; lastKnownFileType = sourcecode.swift; path = AppDelegate.swift; sourceTree = "<group>"; };
		4478DDAA23FEE6B000BE91A4 /* SceneDelegate.swift */ = {isa = PBXFileReference; lastKnownFileType = sourcecode.swift; path = SceneDelegate.swift; sourceTree = "<group>"; };
		4478DDAC23FEE6B000BE91A4 /* ViewController.swift */ = {isa = PBXFileReference; lastKnownFileType = sourcecode.swift; path = ViewController.swift; sourceTree = "<group>"; };
		4478DDAF23FEE6B000BE91A4 /* Base */ = {isa = PBXFileReference; lastKnownFileType = file.storyboard; name = Base; path = Base.lproj/Main.storyboard; sourceTree = "<group>"; };
		4478DDB123FEE6B500BE91A4 /* Assets.xcassets */ = {isa = PBXFileReference; lastKnownFileType = folder.assetcatalog; path = Assets.xcassets; sourceTree = "<group>"; };
		4478DDB423FEE6B500BE91A4 /* Base */ = {isa = PBXFileReference; lastKnownFileType = file.storyboard; name = Base; path = Base.lproj/LaunchScreen.storyboard; sourceTree = "<group>"; };
		4478DDB623FEE6B500BE91A4 /* Info.plist */ = {isa = PBXFileReference; lastKnownFileType = text.plist.xml; path = Info.plist; sourceTree = "<group>"; };
		4478DDBC23FEE90D00BE91A4 /* quotes.json */ = {isa = PBXFileReference; fileEncoding = 4; lastKnownFileType = text.json; path = quotes.json; sourceTree = "<group>"; };
		4478DDBD23FEE90D00BE91A4 /* pictures.json */ = {isa = PBXFileReference; fileEncoding = 4; lastKnownFileType = text.json; path = pictures.json; sourceTree = "<group>"; };
		4478DDC023FEE97100BE91A4 /* BundleDecoding.swift */ = {isa = PBXFileReference; lastKnownFileType = sourcecode.swift; path = BundleDecoding.swift; sourceTree = "<group>"; };
		4478DDC223FEEB2100BE91A4 /* Quote.swift */ = {isa = PBXFileReference; lastKnownFileType = sourcecode.swift; path = Quote.swift; sourceTree = "<group>"; };
/* End PBXFileReference section */

/* Begin PBXFrameworksBuildPhase section */
		4478DDA223FEE6B000BE91A4 /* Frameworks */ = {
			isa = PBXFrameworksBuildPhase;
			buildActionMask = 2147483647;
			files = (
			);
			runOnlyForDeploymentPostprocessing = 0;
		};
/* End PBXFrameworksBuildPhase section */

/* Begin PBXGroup section */
		4478DD9C23FEE6B000BE91A4 = {
			isa = PBXGroup;
			children = (
				4478DDA723FEE6B000BE91A4 /* Peace */,
				4478DDA623FEE6B000BE91A4 /* Products */,
			);
			sourceTree = "<group>";
		};
		4478DDA623FEE6B000BE91A4 /* Products */ = {
			isa = PBXGroup;
			children = (
				4478DDA523FEE6B000BE91A4 /* Peace.app */,
			);
			name = Products;
			sourceTree = "<group>";
		};
		4478DDA723FEE6B000BE91A4 /* Peace */ = {
			isa = PBXGroup;
			children = (
				4478DDA823FEE6B000BE91A4 /* AppDelegate.swift */,
				4478DDAA23FEE6B000BE91A4 /* SceneDelegate.swift */,
				4478DDAC23FEE6B000BE91A4 /* ViewController.swift */,
				4478DDAE23FEE6B000BE91A4 /* Main.storyboard */,
				4478DDB123FEE6B500BE91A4 /* Assets.xcassets */,
				4478DDB323FEE6B500BE91A4 /* LaunchScreen.storyboard */,
				4478DDBD23FEE90D00BE91A4 /* pictures.json */,
				4478DDBC23FEE90D00BE91A4 /* quotes.json */,
				4478DDC023FEE97100BE91A4 /* BundleDecoding.swift */,
				4478DDC223FEEB2100BE91A4 /* Quote.swift */,
				4478DDB623FEE6B500BE91A4 /* Info.plist */,
			);
			path = Peace;
			sourceTree = "<group>";
		};
/* End PBXGroup section */

/* Begin PBXNativeTarget section */
		4478DDA423FEE6B000BE91A4 /* Peace */ = {
			isa = PBXNativeTarget;
			buildConfigurationList = 4478DDB923FEE6B500BE91A4 /* Build configuration list for PBXNativeTarget "Peace" */;
			buildPhases = (
				4478DDA123FEE6B000BE91A4 /* Sources */,
				4478DDA223FEE6B000BE91A4 /* Frameworks */,
				4478DDA323FEE6B000BE91A4 /* Resources */,
			);
			buildRules = (
			);
			dependencies = (
			);
			name = Peace;
			productName = Peace;
			productReference = 4478DDA523FEE6B000BE91A4 /* Peace.app */;
			productType = "com.apple.product-type.application";
		};
/* End PBXNativeTarget section */

/* Begin PBXProject section */
		4478DD9D23FEE6B000BE91A4 /* Project object */ = {
			isa = PBXProject;
			attributes = {
				LastSwiftUpdateCheck = 1130;
				LastUpgradeCheck = 1130;
				ORGANIZATIONNAME = "Joseph McCraw";
				TargetAttributes = {
					4478DDA423FEE6B000BE91A4 = {
						CreatedOnToolsVersion = 11.3.1;
					};
				};
			};
			buildConfigurationList = 4478DDA023FEE6B000BE91A4 /* Build configuration list for PBXProject "Peace" */;
			compatibilityVersion = "Xcode 9.3";
			developmentRegion = en;
			hasScannedForEncodings = 0;
			knownRegions = (
				en,
				Base,
			);
			mainGroup = 4478DD9C23FEE6B000BE91A4;
			productRefGroup = 4478DDA623FEE6B000BE91A4 /* Products */;
			projectDirPath = "";
			projectRoot = "";
			targets = (
				4478DDA423FEE6B000BE91A4 /* Peace */,
			);
		};
/* End PBXProject section */

/* Begin PBXResourcesBuildPhase section */
		4478DDA323FEE6B000BE91A4 /* Resources */ = {
			isa = PBXResourcesBuildPhase;
			buildActionMask = 2147483647;
			files = (
				4478DDBE23FEE90D00BE91A4 /* quotes.json in Resources */,
				4478DDB523FEE6B500BE91A4 /* LaunchScreen.storyboard in Resources */,
				4478DDB223FEE6B500BE91A4 /* Assets.xcassets in Resources */,
				4478DDB023FEE6B000BE91A4 /* Main.storyboard in Resources */,
				4478DDBF23FEE90D00BE91A4 /* pictures.json in Resources */,
			);
			runOnlyForDeploymentPostprocessing = 0;
		};
/* End PBXResourcesBuildPhase section */

/* Begin PBXSourcesBuildPhase section */
		4478DDA123FEE6B000BE91A4 /* Sources */ = {
			isa = PBXSourcesBuildPhase;
			buildActionMask = 2147483647;
			files = (
				4478DDAD23FEE6B000BE91A4 /* ViewController.swift in Sources */,
				4478DDA923FEE6B000BE91A4 /* AppDelegate.swift in Sources */,
				4478DDC123FEE97100BE91A4 /* BundleDecoding.swift in Sources */,
				4478DDC323FEEB2100BE91A4 /* Quote.swift in Sources */,
				4478DDAB23FEE6B000BE91A4 /* SceneDelegate.swift in Sources */,
			);
			runOnlyForDeploymentPostprocessing = 0;
		};
/* End PBXSourcesBuildPhase section */

/* Begin PBXVariantGroup section */
		4478DDAE23FEE6B000BE91A4 /* Main.storyboard */ = {
			isa = PBXVariantGroup;
			children = (
				4478DDAF23FEE6B000BE91A4 /* Base */,
			);
			name = Main.storyboard;
			sourceTree = "<group>";
		};
		4478DDB323FEE6B500BE91A4 /* LaunchScreen.storyboard */ = {
			isa = PBXVariantGroup;
			children = (
				4478DDB423FEE6B500BE91A4 /* Base */,
			);
			name = LaunchScreen.storyboard;
			sourceTree = "<group>";
		};
/* End PBXVariantGroup section */

/* Begin XCBuildConfiguration section */
		4478DDB723FEE6B500BE91A4 /* Debug */ = {
			isa = XCBuildConfiguration;
			buildSettings = {
				ALWAYS_SEARCH_USER_PATHS = NO;
				CLANG_ANALYZER_NONNULL = YES;
				CLANG_ANALYZER_NUMBER_OBJECT_CONVERSION = YES_AGGRESSIVE;
				CLANG_CXX_LANGUAGE_STANDARD = "gnu++14";
				CLANG_CXX_LIBRARY = "libc++";
				CLANG_ENABLE_MODULES = YES;
				CLANG_ENABLE_OBJC_ARC = YES;
				CLANG_ENABLE_OBJC_WEAK = YES;
				CLANG_WARN_BLOCK_CAPTURE_AUTORELEASING = YES;
				CLANG_WARN_BOOL_CONVERSION = YES;
				CLANG_WARN_COMMA = YES;
				CLANG_WARN_CONSTANT_CONVERSION = YES;
				CLANG_WARN_DEPRECATED_OBJC_IMPLEMENTATIONS = YES;
				CLANG_WARN_DIRECT_OBJC_ISA_USAGE = YES_ERROR;
				CLANG_WARN_DOCUMENTATION_COMMENTS = YES;
				CLANG_WARN_EMPTY_BODY = YES;
				CLANG_WARN_ENUM_CONVERSION = YES;
				CLANG_WARN_INFINITE_RECURSION = YES;
				CLANG_WARN_INT_CONVERSION = YES;
				CLANG_WARN_NON_LITERAL_NULL_CONVERSION = YES;
				CLANG_WARN_OBJC_IMPLICIT_RETAIN_SELF = YES;
				CLANG_WARN_OBJC_LITERAL_CONVERSION = YES;
				CLANG_WARN_OBJC_ROOT_CLASS = YES_ERROR;
				CLANG_WARN_RANGE_LOOP_ANALYSIS = YES;
				CLANG_WARN_STRICT_PROTOTYPES = YES;
				CLANG_WARN_SUSPICIOUS_MOVE = YES;
				CLANG_WARN_UNGUARDED_AVAILABILITY = YES_AGGRESSIVE;
				CLANG_WARN_UNREACHABLE_CODE = YES;
				CLANG_WARN__DUPLICATE_METHOD_MATCH = YES;
				COPY_PHASE_STRIP = NO;
				DEBUG_INFORMATION_FORMAT = dwarf;
				ENABLE_STRICT_OBJC_MSGSEND = YES;
				ENABLE_TESTABILITY = YES;
				GCC_C_LANGUAGE_STANDARD = gnu11;
				GCC_DYNAMIC_NO_PIC = NO;
				GCC_NO_COMMON_BLOCKS = YES;
				GCC_OPTIMIZATION_LEVEL = 0;
				GCC_PREPROCESSOR_DEFINITIONS = (
					"DEBUG=1",
					"$(inherited)",
				);
				GCC_WARN_64_TO_32_BIT_CONVERSION = YES;
				GCC_WARN_ABOUT_RETURN_TYPE = YES_ERROR;
				GCC_WARN_UNDECLARED_SELECTOR = YES;
				GCC_WARN_UNINITIALIZED_AUTOS = YES_AGGRESSIVE;
				GCC_WARN_UNUSED_FUNCTION = YES;
				GCC_WARN_UNUSED_VARIABLE = YES;
				IPHONEOS_DEPLOYMENT_TARGET = 13.2;
				MTL_ENABLE_DEBUG_INFO = INCLUDE_SOURCE;
				MTL_FAST_MATH = YES;
				ONLY_ACTIVE_ARCH = YES;
				SDKROOT = iphoneos;
				SWIFT_ACTIVE_COMPILATION_CONDITIONS = DEBUG;
				SWIFT_OPTIMIZATION_LEVEL = "-Onone";
			};
			name = Debug;
		};
		4478DDB823FEE6B500BE91A4 /* Release */ = {
			isa = XCBuildConfiguration;
			buildSettings = {
				ALWAYS_SEARCH_USER_PATHS = NO;
				CLANG_ANALYZER_NONNULL = YES;
				CLANG_ANALYZER_NUMBER_OBJECT_CONVERSION = YES_AGGRESSIVE;
				CLANG_CXX_LANGUAGE_STANDARD = "gnu++14";
				CLANG_CXX_LIBRARY = "libc++";
				CLANG_ENABLE_MODULES = YES;
				CLANG_ENABLE_OBJC_ARC = YES;
				CLANG_ENABLE_OBJC_WEAK = YES;
				CLANG_WARN_BLOCK_CAPTURE_AUTORELEASING = YES;
				CLANG_WARN_BOOL_CONVERSION = YES;
				CLANG_WARN_COMMA = YES;
				CLANG_WARN_CONSTANT_CONVERSION = YES;
				CLANG_WARN_DEPRECATED_OBJC_IMPLEMENTATIONS = YES;
				CLANG_WARN_DIRECT_OBJC_ISA_USAGE = YES_ERROR;
				CLANG_WARN_DOCUMENTATION_COMMENTS = YES;
				CLANG_WARN_EMPTY_BODY = YES;
				CLANG_WARN_ENUM_CONVERSION = YES;
				CLANG_WARN_INFINITE_RECURSION = YES;
				CLANG_WARN_INT_CONVERSION = YES;
				CLANG_WARN_NON_LITERAL_NULL_CONVERSION = YES;
				CLANG_WARN_OBJC_IMPLICIT_RETAIN_SELF = YES;
				CLANG_WARN_OBJC_LITERAL_CONVERSION = YES;
				CLANG_WARN_OBJC_ROOT_CLASS = YES_ERROR;
				CLANG_WARN_RANGE_LOOP_ANALYSIS = YES;
				CLANG_WARN_STRICT_PROTOTYPES = YES;
				CLANG_WARN_SUSPICIOUS_MOVE = YES;
				CLANG_WARN_UNGUARDED_AVAILABILITY = YES_AGGRESSIVE;
				CLANG_WARN_UNREACHABLE_CODE = YES;
				CLANG_WARN__DUPLICATE_METHOD_MATCH = YES;
				COPY_PHASE_STRIP = NO;
				DEBUG_INFORMATION_FORMAT = "dwarf-with-dsym";
				ENABLE_NS_ASSERTIONS = NO;
				ENABLE_STRICT_OBJC_MSGSEND = YES;
				GCC_C_LANGUAGE_STANDARD = gnu11;
				GCC_NO_COMMON_BLOCKS = YES;
				GCC_WARN_64_TO_32_BIT_CONVERSION = YES;
				GCC_WARN_ABOUT_RETURN_TYPE = YES_ERROR;
				GCC_WARN_UNDECLARED_SELECTOR = YES;
				GCC_WARN_UNINITIALIZED_AUTOS = YES_AGGRESSIVE;
				GCC_WARN_UNUSED_FUNCTION = YES;
				GCC_WARN_UNUSED_VARIABLE = YES;
				IPHONEOS_DEPLOYMENT_TARGET = 13.2;
				MTL_ENABLE_DEBUG_INFO = NO;
				MTL_FAST_MATH = YES;
				SDKROOT = iphoneos;
				SWIFT_COMPILATION_MODE = wholemodule;
				SWIFT_OPTIMIZATION_LEVEL = "-O";
				VALIDATE_PRODUCT = YES;
			};
			name = Release;
		};
		4478DDBA23FEE6B500BE91A4 /* Debug */ = {
			isa = XCBuildConfiguration;
			buildSettings = {
				ASSETCATALOG_COMPILER_APPICON_NAME = AppIcon;
				CODE_SIGN_STYLE = Automatic;
				DEVELOPMENT_TEAM = C52PFKSQPU;
				INFOPLIST_FILE = Peace/Info.plist;
				LD_RUNPATH_SEARCH_PATHS = (
					"$(inherited)",
					"@executable_path/Frameworks",
				);
				PRODUCT_BUNDLE_IDENTIFIER = com.ShowBlender.Peace;
				PRODUCT_NAME = "$(TARGET_NAME)";
				SWIFT_VERSION = 5.0;
				TARGETED_DEVICE_FAMILY = 2;
			};
			name = Debug;
		};
		4478DDBB23FEE6B500BE91A4 /* Release */ = {
			isa = XCBuildConfiguration;
			buildSettings = {
				ASSETCATALOG_COMPILER_APPICON_NAME = AppIcon;
				CODE_SIGN_STYLE = Automatic;
				DEVELOPMENT_TEAM = C52PFKSQPU;
				INFOPLIST_FILE = Peace/Info.plist;
				LD_RUNPATH_SEARCH_PATHS = (
					"$(inherited)",
					"@executable_path/Frameworks",
				);
				PRODUCT_BUNDLE_IDENTIFIER = com.ShowBlender.Peace;
				PRODUCT_NAME = "$(TARGET_NAME)";
				SWIFT_VERSION = 5.0;
				TARGETED_DEVICE_FAMILY = 2;
			};
			name = Release;
		};
/* End XCBuildConfiguration section */

/* Begin XCConfigurationList section */
		4478DDA023FEE6B000BE91A4 /* Build configuration list for PBXProject "Peace" */ = {
			isa = XCConfigurationList;
			buildConfigurations = (
				4478DDB723FEE6B500BE91A4 /* Debug */,
				4478DDB823FEE6B500BE91A4 /* Release */,
			);
			defaultConfigurationIsVisible = 0;
			defaultConfigurationName = Release;
		};
		4478DDB923FEE6B500BE91A4 /* Build configuration list for PBXNativeTarget "Peace" */ = {
			isa = XCConfigurationList;
			buildConfigurations = (
				4478DDBA23FEE6B500BE91A4 /* Debug */,
				4478DDBB23FEE6B500BE91A4 /* Release */,
			);
			defaultConfigurationIsVisible = 0;
			defaultConfigurationName = Release;
		};
/* End XCConfigurationList section */
	};
	rootObject = 4478DD9D23FEE6B000BE91A4 /* Project object */;
}
